
Microsoft Visual Studio Solution File, Format Version 12.00
# Visual Studio Version 16
VisualStudioVersion = 16.0.31424.327
MinimumVisualStudioVersion = 10.0.40219.1
Project("{FAE04EC0-301F-11D3-BF4B-00C04F79EFBC}") = "ConsoleApp5", "ConsoleApp5\ConsoleApp5.csproj", "{729D915F-8EA3-4D71-AB4F-7E77701BC74D}"
EndProject
Global
	GlobalSection(SolutionConfigurationPlatforms) = preSolution
		Debug|Any CPU = Debug|Any CPU
		Release|Any CPU = Release|Any CPU
	EndGlobalSection
	GlobalSection(ProjectConfigurationPlatforms) = postSolution
		{729D915F-8EA3-4D71-AB4F-7E77701BC74D}.Debug|Any CPU.ActiveCfg = Debug|Any CPU
		{729D915F-8EA3-4D71-AB4F-7E77701BC74D}.Debug|Any CPU.Build.0 = Debug|Any CPU
		{729D915F-8EA3-4D71-AB4F-7E77701BC74D}.Release|Any CPU.ActiveCfg = Release|Any CPU
		{729D915F-8EA3-4D71-AB4F-7E77701BC74D}.Release|Any CPU.Build.0 = Release|Any CPU
	EndGlobalSection
	GlobalSection(SolutionProperties) = preSolution
		HideSolutionNode = FALSE
	EndGlobalSection
	GlobalSection(ExtensibilityGlobals) = postSolution
		SolutionGuid = {AF76739E-A5BF-4B32-835E-C63EF3A10A1A}
	EndGlobalSection
EndGlobal
